// !$*UTF8*$!
{
	archiveVersion = 1;
	classes = {
	};
	objectVersion = 46;
	objects = {

/* Begin PBXBuildFile section */
		2E62E88C14F96252000E4BA0 /* UIKit.framework in Frameworks */ = {isa = PBXBuildFile; fileRef = 2E62E88B14F96252000E4BA0 /* UIKit.framework */; };
		2E62E88E14F96252000E4BA0 /* Foundation.framework in Frameworks */ = {isa = PBXBuildFile; fileRef = 2E62E88D14F96252000E4BA0 /* Foundation.framework */; };
		2E62E89014F96252000E4BA0 /* CoreGraphics.framework in Frameworks */ = {isa = PBXBuildFile; fileRef = 2E62E88F14F96252000E4BA0 /* CoreGraphics.framework */; };
		2E62E89614F96252000E4BA0 /* InfoPlist.strings in Resources */ = {isa = PBXBuildFile; fileRef = 2E62E89414F96252000E4BA0 /* InfoPlist.strings */; };
		2E62E89814F96252000E4BA0 /* main.m in Sources */ = {isa = PBXBuildFile; fileRef = 2E62E89714F96252000E4BA0 /* main.m */; };
		2E62E89C14F96252000E4BA0 /* farkleAppDelegate.m in Sources */ = {isa = PBXBuildFile; fileRef = 2E62E89B14F96252000E4BA0 /* farkleAppDelegate.m */; };
		2E62E89F14F96252000E4BA0 /* MainStoryboard_iPhone.storyboard in Resources */ = {isa = PBXBuildFile; fileRef = 2E62E89D14F96252000E4BA0 /* MainStoryboard_iPhone.storyboard */; };
		2E62E8A214F96252000E4BA0 /* MainStoryboard_iPad.storyboard in Resources */ = {isa = PBXBuildFile; fileRef = 2E62E8A014F96252000E4BA0 /* MainStoryboard_iPad.storyboard */; };
		2E62E8A514F96252000E4BA0 /* farkleViewController.m in Sources */ = {isa = PBXBuildFile; fileRef = 2E62E8A414F96252000E4BA0 /* farkleViewController.m */; };
		2E62E8AD14F96252000E4BA0 /* SenTestingKit.framework in Frameworks */ = {isa = PBXBuildFile; fileRef = 2E62E8AC14F96252000E4BA0 /* SenTestingKit.framework */; };
		2E62E8AE14F96252000E4BA0 /* UIKit.framework in Frameworks */ = {isa = PBXBuildFile; fileRef = 2E62E88B14F96252000E4BA0 /* UIKit.framework */; };
		2E62E8AF14F96252000E4BA0 /* Foundation.framework in Frameworks */ = {isa = PBXBuildFile; fileRef = 2E62E88D14F96252000E4BA0 /* Foundation.framework */; };
		2E62E8B714F96252000E4BA0 /* InfoPlist.strings in Resources */ = {isa = PBXBuildFile; fileRef = 2E62E8B514F96252000E4BA0 /* InfoPlist.strings */; };
		2E62E8BA14F96252000E4BA0 /* FarkleOnlineWebTests.m in Sources */ = {isa = PBXBuildFile; fileRef = 2E62E8B914F96252000E4BA0 /* FarkleOnlineWebTests.m */; };
/* End PBXBuildFile section */

/* Begin PBXContainerItemProxy section */
		2E62E8B014F96252000E4BA0 /* PBXContainerItemProxy */ = {
			isa = PBXContainerItemProxy;
			containerPortal = 2E62E87E14F96252000E4BA0 /* Project object */;
			proxyType = 1;
			remoteGlobalIDString = 2E62E88614F96252000E4BA0;
			remoteInfo = FarkleOnlineWeb;
		};
/* End PBXContainerItemProxy section */

/* Begin PBXFileReference section */
		2E62E88714F96252000E4BA0 /* FarkleOnlineWeb.app */ = {isa = PBXFileReference; explicitFileType = wrapper.application; includeInIndex = 0; path = FarkleOnlineWeb.app; sourceTree = BUILT_PRODUCTS_DIR; };
		2E62E88B14F96252000E4BA0 /* UIKit.framework */ = {isa = PBXFileReference; lastKnownFileType = wrapper.framework; name = UIKit.framework; path = System/Library/Frameworks/UIKit.framework; sourceTree = SDKROOT; };
		2E62E88D14F96252000E4BA0 /* Foundation.framework */ = {isa = PBXFileReference; lastKnownFileType = wrapper.framework; name = Foundation.framework; path = System/Library/Frameworks/Foundation.framework; sourceTree = SDKROOT; };
		2E62E88F14F96252000E4BA0 /* CoreGraphics.framework */ = {isa = PBXFileReference; lastKnownFileType = wrapper.framework; name = CoreGraphics.framework; path = System/Library/Frameworks/CoreGraphics.framework; sourceTree = SDKROOT; };
		2E62E89314F96252000E4BA0 /* FarkleOnlineWeb-Info.plist */ = {isa = PBXFileReference; path = "FarkleOnlineWeb-Info.plist"; sourceTree = "<group>"; };
		2E62E89514F96252000E4BA0 /* en */ = {isa = PBXFileReference; lastKnownFileType = text.plist.strings; name = en; path = en.lproj/InfoPlist.strings; sourceTree = "<group>"; };
		2E62E89714F96252000E4BA0 /* main.m */ = {isa = PBXFileReference; lastKnownFileType = sourcecode.c.objc; path = main.m; sourceTree = "<group>"; };
		2E62E89914F96252000E4BA0 /* FarkleOnlineWeb-Prefix.pch */ = {isa = PBXFileReference; path = "FarkleOnlineWeb-Prefix.pch"; sourceTree = "<group>"; };
		2E62E89A14F96252000E4BA0 /* farkleAppDelegate.h */ = {isa = PBXFileReference; path = farkleAppDelegate.h; sourceTree = "<group>"; };
		2E62E89B14F96252000E4BA0 /* farkleAppDelegate.m */ = {isa = PBXFileReference; lastKnownFileType = sourcecode.c.objc; path = farkleAppDelegate.m; sourceTree = "<group>"; };
		2E62E89E14F96252000E4BA0 /* en */ = {isa = PBXFileReference; lastKnownFileType = file.storyboard; name = en; path = en.lproj/MainStoryboard_iPhone.storyboard; sourceTree = "<group>"; };
		2E62E8A114F96252000E4BA0 /* en */ = {isa = PBXFileReference; lastKnownFileType = file.storyboard; name = en; path = en.lproj/MainStoryboard_iPad.storyboard; sourceTree = "<group>"; };
		2E62E8A314F96252000E4BA0 /* farkleViewController.h */ = {isa = PBXFileReference; path = farkleViewController.h; sourceTree = "<group>"; };
		2E62E8A414F96252000E4BA0 /* farkleViewController.m */ = {isa = PBXFileReference; lastKnownFileType = sourcecode.c.objc; path = farkleViewController.m; sourceTree = "<group>"; };
		2E62E8AB14F96252000E4BA0 /* FarkleOnlineWebTests.octest */ = {isa = PBXFileReference; explicitFileType = wrapper.cfbundle; includeInIndex = 0; path = FarkleOnlineWebTests.octest; sourceTree = BUILT_PRODUCTS_DIR; };
		2E62E8AC14F96252000E4BA0 /* SenTestingKit.framework */ = {isa = PBXFileReference; lastKnownFileType = wrapper.framework; name = SenTestingKit.framework; path = Library/Frameworks/SenTestingKit.framework; sourceTree = DEVELOPER_DIR; };
		2E62E8B414F96252000E4BA0 /* FarkleOnlineWebTests-Info.plist */ = {isa = PBXFileReference; path = "FarkleOnlineWebTests-Info.plist"; sourceTree = "<group>"; };
		2E62E8B614F96252000E4BA0 /* en */ = {isa = PBXFileReference; lastKnownFileType = text.plist.strings; name = en; path = en.lproj/InfoPlist.strings; sourceTree = "<group>"; };
		2E62E8B814F96252000E4BA0 /* FarkleOnlineWebTests.h */ = {isa = PBXFileReference; path = FarkleOnlineWebTests.h; sourceTree = "<group>"; };
		2E62E8B914F96252000E4BA0 /* FarkleOnlineWebTests.m */ = {isa = PBXFileReference; lastKnownFileType = sourcecode.c.objc; path = FarkleOnlineWebTests.m; sourceTree = "<group>"; };
/* End PBXFileReference section */

/* Begin PBXFrameworksBuildPhase section */
		2E62E88414F96252000E4BA0 /* Frameworks */ = {
			isa = PBXFrameworksBuildPhase;
			buildActionMask = 2147483647;
			files = (
				2E62E88C14F96252000E4BA0 /* UIKit.framework in Frameworks */,
				2E62E88E14F96252000E4BA0 /* Foundation.framework in Frameworks */,
				2E62E89014F96252000E4BA0 /* CoreGraphics.framework in Frameworks */,
			);
			runOnlyForDeploymentPostprocessing = 0;
		};
		2E62E8A714F96252000E4BA0 /* Frameworks */ = {
			isa = PBXFrameworksBuildPhase;
			buildActionMask = 2147483647;
			files = (
				2E62E8AD14F96252000E4BA0 /* SenTestingKit.framework in Frameworks */,
				2E62E8AE14F96252000E4BA0 /* UIKit.framework in Frameworks */,
				2E62E8AF14F96252000E4BA0 /* Foundation.framework in Frameworks */,
			);
			runOnlyForDeploymentPostprocessing = 0;
		};
/* End PBXFrameworksBuildPhase section */

/* Begin PBXGroup section */
		2E62E87C14F96252000E4BA0 = {
			isa = PBXGroup;
			children = (
				2E62E89114F96252000E4BA0 /* FarkleOnlineWeb */,
				2E62E8B214F96252000E4BA0 /* FarkleOnlineWebTests */,
				2E62E88A14F96252000E4BA0 /* Frameworks */,
				2E62E88814F96252000E4BA0 /* Products */,
			);
			sourceTree = "<group>";
		};
		2E62E88814F96252000E4BA0 /* Products */ = {
			isa = PBXGroup;
			children = (
				2E62E88714F96252000E4BA0 /* FarkleOnlineWeb.app */,
				2E62E8AB14F96252000E4BA0 /* FarkleOnlineWebTests.octest */,
			);
			name = Products;
			sourceTree = "<group>";
		};
		2E62E88A14F96252000E4BA0 /* Frameworks */ = {
			isa = PBXGroup;
			children = (
				2E62E88B14F96252000E4BA0 /* UIKit.framework */,
				2E62E88D14F96252000E4BA0 /* Foundation.framework */,
				2E62E88F14F96252000E4BA0 /* CoreGraphics.framework */,
				2E62E8AC14F96252000E4BA0 /* SenTestingKit.framework */,
			);
			name = Frameworks;
			sourceTree = "<group>";
		};
		2E62E89114F96252000E4BA0 /* FarkleOnlineWeb */ = {
			isa = PBXGroup;
			children = (
				2E62E89A14F96252000E4BA0 /* farkleAppDelegate.h */,
				2E62E89B14F96252000E4BA0 /* farkleAppDelegate.m */,
				2E62E89D14F96252000E4BA0 /* MainStoryboard_iPhone.storyboard */,
				2E62E8A014F96252000E4BA0 /* MainStoryboard_iPad.storyboard */,
				2E62E8A314F96252000E4BA0 /* farkleViewController.h */,
				2E62E8A414F96252000E4BA0 /* farkleViewController.m */,
				2E62E89214F96252000E4BA0 /* Supporting Files */,
			);
			path = FarkleOnlineWeb;
			sourceTree = "<group>";
		};
		2E62E89214F96252000E4BA0 /* Supporting Files */ = {
			isa = PBXGroup;
			children = (
				2E62E89314F96252000E4BA0 /* FarkleOnlineWeb-Info.plist */,
				2E62E89414F96252000E4BA0 /* InfoPlist.strings */,
				2E62E89714F96252000E4BA0 /* main.m */,
				2E62E89914F96252000E4BA0 /* FarkleOnlineWeb-Prefix.pch */,
			);
			name = "Supporting Files";
			sourceTree = "<group>";
		};
		2E62E8B214F96252000E4BA0 /* FarkleOnlineWebTests */ = {
			isa = PBXGroup;
			children = (
				2E62E8B814F96252000E4BA0 /* FarkleOnlineWebTests.h */,
				2E62E8B914F96252000E4BA0 /* FarkleOnlineWebTests.m */,
				2E62E8B314F96252000E4BA0 /* Supporting Files */,
			);
			path = FarkleOnlineWebTests;
			sourceTree = "<group>";
		};
		2E62E8B314F96252000E4BA0 /* Supporting Files */ = {
			isa = PBXGroup;
			children = (
				2E62E8B414F96252000E4BA0 /* FarkleOnlineWebTests-Info.plist */,
				2E62E8B514F96252000E4BA0 /* InfoPlist.strings */,
			);
			name = "Supporting Files";
			sourceTree = "<group>";
		};
/* End PBXGroup section */

/* Begin PBXNativeTarget section */
		2E62E88614F96252000E4BA0 /* FarkleOnlineWeb */ = {
			isa = PBXNativeTarget;
			buildConfigurationList = 2E62E8BD14F96252000E4BA0 /* Build configuration list for PBXNativeTarget "FarkleOnlineWeb" */;
			buildPhases = (
				2E62E88314F96252000E4BA0 /* Sources */,
				2E62E88414F96252000E4BA0 /* Frameworks */,
				2E62E88514F96252000E4BA0 /* Resources */,
			);
			buildRules = (
			);
			dependencies = (
			);
			name = FarkleOnlineWeb;
			productName = FarkleOnlineWeb;
			productReference = 2E62E88714F96252000E4BA0 /* FarkleOnlineWeb.app */;
			productType = "com.apple.product-type.application";
		};
		2E62E8AA14F96252000E4BA0 /* FarkleOnlineWebTests */ = {
			isa = PBXNativeTarget;
			buildConfigurationList = 2E62E8C014F96252000E4BA0 /* Build configuration list for PBXNativeTarget "FarkleOnlineWebTests" */;
			buildPhases = (
				2E62E8A614F96252000E4BA0 /* Sources */,
				2E62E8A714F96252000E4BA0 /* Frameworks */,
				2E62E8A814F96252000E4BA0 /* Resources */,
				2E62E8A914F96252000E4BA0 /* ShellScript */,
			);
			buildRules = (
			);
			dependencies = (
				2E62E8B114F96252000E4BA0 /* PBXTargetDependency */,
			);
			name = FarkleOnlineWebTests;
			productName = FarkleOnlineWebTests;
			productReference = 2E62E8AB14F96252000E4BA0 /* FarkleOnlineWebTests.octest */;
			productType = "com.apple.product-type.bundle";
		};
/* End PBXNativeTarget section */

/* Begin PBXProject section */
		2E62E87E14F96252000E4BA0 /* Project object */ = {
			isa = PBXProject;
			attributes = {
				CLASSPREFIX = farkle;
				LastUpgradeCheck = 0430;
			};
			buildConfigurationList = 2E62E88114F96252000E4BA0 /* Build configuration list for PBXProject "FarkleOnlineWeb" */;
			compatibilityVersion = "Xcode 3.2";
			developmentRegion = English;
			hasScannedForEncodings = 0;
			knownRegions = (
				en,
			);
			mainGroup = 2E62E87C14F96252000E4BA0;
			productRefGroup = 2E62E88814F96252000E4BA0 /* Products */;
			projectDirPath = "";
			projectRoot = "";
			targets = (
				2E62E88614F96252000E4BA0 /* FarkleOnlineWeb */,
				2E62E8AA14F96252000E4BA0 /* FarkleOnlineWebTests */,
			);
		};
/* End PBXProject section */

/* Begin PBXResourcesBuildPhase section */
		2E62E88514F96252000E4BA0 /* Resources */ = {
			isa = PBXResourcesBuildPhase;
			buildActionMask = 2147483647;
			files = (
				2E62E89614F96252000E4BA0 /* InfoPlist.strings in Resources */,
				2E62E89F14F96252000E4BA0 /* MainStoryboard_iPhone.storyboard in Resources */,
				2E62E8A214F96252000E4BA0 /* MainStoryboard_iPad.storyboard in Resources */,
			);
			runOnlyForDeploymentPostprocessing = 0;
		};
		2E62E8A814F96252000E4BA0 /* Resources */ = {
			isa = PBXResourcesBuildPhase;
			buildActionMask = 2147483647;
			files = (
				2E62E8B714F96252000E4BA0 /* InfoPlist.strings in Resources */,
			);
			runOnlyForDeploymentPostprocessing = 0;
		};
/* End PBXResourcesBuildPhase section */

/* Begin PBXShellScriptBuildPhase section */
		2E62E8A914F96252000E4BA0 /* ShellScript */ = {
			isa = PBXShellScriptBuildPhase;
			buildActionMask = 2147483647;
			files = (
			);
			inputPaths = (
			);
			outputPaths = (
			);
			runOnlyForDeploymentPostprocessing = 0;
			shellPath = /bin/sh;
			shellScript = "# Run the unit tests in this test bundle.\n\"${SYSTEM_DEVELOPER_DIR}/Tools/RunUnitTests\"\n";
		};
/* End PBXShellScriptBuildPhase section */

/* Begin PBXSourcesBuildPhase section */
		2E62E88314F96252000E4BA0 /* Sources */ = {
			isa = PBXSourcesBuildPhase;
			buildActionMask = 2147483647;
			files = (
				2E62E89814F96252000E4BA0 /* main.m in Sources */,
				2E62E89C14F96252000E4BA0 /* farkleAppDelegate.m in Sources */,
				2E62E8A514F96252000E4BA0 /* farkleViewController.m in Sources */,
			);
			runOnlyForDeploymentPostprocessing = 0;
		};
		2E62E8A614F96252000E4BA0 /* Sources */ = {
			isa = PBXSourcesBuildPhase;
			buildActionMask = 2147483647;
			files = (
				2E62E8BA14F96252000E4BA0 /* FarkleOnlineWebTests.m in Sources */,
			);
			runOnlyForDeploymentPostprocessing = 0;
		};
/* End PBXSourcesBuildPhase section */

/* Begin PBXTargetDependency section */
		2E62E8B114F96252000E4BA0 /* PBXTargetDependency */ = {
			isa = PBXTargetDependency;
			target = 2E62E88614F96252000E4BA0 /* FarkleOnlineWeb */;
			targetProxy = 2E62E8B014F96252000E4BA0 /* PBXContainerItemProxy */;
		};
/* End PBXTargetDependency section */

/* Begin PBXVariantGroup section */
		2E62E89414F96252000E4BA0 /* InfoPlist.strings */ = {
			isa = PBXVariantGroup;
			children = (
				2E62E89514F96252000E4BA0 /* en */,
			);
			name = InfoPlist.strings;
			sourceTree = "<group>";
		};
		2E62E89D14F96252000E4BA0 /* MainStoryboard_iPhone.storyboard */ = {
			isa = PBXVariantGroup;
			children = (
				2E62E89E14F96252000E4BA0 /* en */,
			);
			name = MainStoryboard_iPhone.storyboard;
			sourceTree = "<group>";
		};
		2E62E8A014F96252000E4BA0 /* MainStoryboard_iPad.storyboard */ = {
			isa = PBXVariantGroup;
			children = (
				2E62E8A114F96252000E4BA0 /* en */,
			);
			name = MainStoryboard_iPad.storyboard;
			sourceTree = "<group>";
		};
		2E62E8B514F96252000E4BA0 /* InfoPlist.strings */ = {
			isa = PBXVariantGroup;
			children = (
				2E62E8B614F96252000E4BA0 /* en */,
			);
			name = InfoPlist.strings;
			sourceTree = "<group>";
		};
/* End PBXVariantGroup section */

/* Begin XCBuildConfiguration section */
		2E62E8BB14F96252000E4BA0 /* Debug */ = {
			isa = XCBuildConfiguration;
			buildSettings = {
				ALWAYS_SEARCH_USER_PATHS = NO;
				ARCHS = "$(ARCHS_STANDARD_32_BIT)";
				CLANG_ENABLE_OBJC_ARC = YES;
				"CODE_SIGN_IDENTITY[sdk=iphoneos*]" = "iPhone Developer";
				COPY_PHASE_STRIP = NO;
				GCC_C_LANGUAGE_STANDARD = gnu99;
				GCC_DYNAMIC_NO_PIC = NO;
				GCC_OPTIMIZATION_LEVEL = 0;
				GCC_PREPROCESSOR_DEFINITIONS = (
					"DEBUG=1",
					"$(inherited)",
				);
				GCC_SYMBOLS_PRIVATE_EXTERN = NO;
				GCC_VERSION = com.apple.compilers.llvm.clang.1_0;
				GCC_WARN_ABOUT_RETURN_TYPE = YES;
				GCC_WARN_UNINITIALIZED_AUTOS = YES;
				GCC_WARN_UNUSED_VARIABLE = YES;
				IPHONEOS_DEPLOYMENT_TARGET = 5.0;
				SDKROOT = iphoneos;
				TARGETED_DEVICE_FAMILY = "1,2";
			};
			name = Debug;
		};
		2E62E8BC14F96252000E4BA0 /* Release */ = {
			isa = XCBuildConfiguration;
			buildSettings = {
				ALWAYS_SEARCH_USER_PATHS = NO;
				ARCHS = "$(ARCHS_STANDARD_32_BIT)";
				CLANG_ENABLE_OBJC_ARC = YES;
				"CODE_SIGN_IDENTITY[sdk=iphoneos*]" = "iPhone Developer";
				COPY_PHASE_STRIP = YES;
				GCC_C_LANGUAGE_STANDARD = gnu99;
				GCC_VERSION = com.apple.compilers.llvm.clang.1_0;
				GCC_WARN_ABOUT_RETURN_TYPE = YES;
				GCC_WARN_UNINITIALIZED_AUTOS = YES;
				GCC_WARN_UNUSED_VARIABLE = YES;
				IPHONEOS_DEPLOYMENT_TARGET = 5.0;
				OTHER_CFLAGS = "-DNS_BLOCK_ASSERTIONS=1";
				SDKROOT = iphoneos;
				TARGETED_DEVICE_FAMILY = "1,2";
				VALIDATE_PRODUCT = YES;
			};
			name = Release;
		};
		2E62E8BE14F96252000E4BA0 /* Debug */ = {
			isa = XCBuildConfiguration;
			buildSettings = {
				GCC_PRECOMPILE_PREFIX_HEADER = YES;
				GCC_PREFIX_HEADER = "FarkleOnlineWeb/FarkleOnlineWeb-Prefix.pch";
				INFOPLIST_FILE = "FarkleOnlineWeb/FarkleOnlineWeb-Info.plist";
				PRODUCT_NAME = "$(TARGET_NAME)";
				WRAPPER_EXTENSION = app;
			};
			name = Debug;
		};
		2E62E8BF14F96252000E4BA0 /* Release */ = {
			isa = XCBuildConfiguration;
			buildSettings = {
				GCC_PRECOMPILE_PREFIX_HEADER = YES;
				GCC_PREFIX_HEADER = "FarkleOnlineWeb/FarkleOnlineWeb-Prefix.pch";
				INFOPLIST_FILE = "FarkleOnlineWeb/FarkleOnlineWeb-Info.plist";
				PRODUCT_NAME = "$(TARGET_NAME)";
				WRAPPER_EXTENSION = app;
			};
			name = Release;
		};
		2E62E8C114F96252000E4BA0 /* Debug */ = {
			isa = XCBuildConfiguration;
			buildSettings = {
				BUNDLE_LOADER = "$(BUILT_PRODUCTS_DIR)/FarkleOnlineWeb.app/FarkleOnlineWeb";
				FRAMEWORK_SEARCH_PATHS = (
					"$(SDKROOT)/Developer/Library/Frameworks",
					"$(DEVELOPER_LIBRARY_DIR)/Frameworks",
				);
				GCC_PRECOMPILE_PREFIX_HEADER = YES;
				GCC_PREFIX_HEADER = "FarkleOnlineWeb/FarkleOnlineWeb-Prefix.pch";
				INFOPLIST_FILE = "FarkleOnlineWebTests/FarkleOnlineWebTests-Info.plist";
				PRODUCT_NAME = "$(TARGET_NAME)";
				TEST_HOST = "$(BUNDLE_LOADER)";
				WRAPPER_EXTENSION = octest;
			};
			name = Debug;
		};
		2E62E8C214F96252000E4BA0 /* Release */ = {
			isa = XCBuildConfiguration;
			buildSettings = {
				BUNDLE_LOADER = "$(BUILT_PRODUCTS_DIR)/FarkleOnlineWeb.app/FarkleOnlineWeb";
				FRAMEWORK_SEARCH_PATHS = (
					"$(SDKROOT)/Developer/Library/Frameworks",
					"$(DEVELOPER_LIBRARY_DIR)/Frameworks",
				);
				GCC_PRECOMPILE_PREFIX_HEADER = YES;
				GCC_PREFIX_HEADER = "FarkleOnlineWeb/FarkleOnlineWeb-Prefix.pch";
				INFOPLIST_FILE = "FarkleOnlineWebTests/FarkleOnlineWebTests-Info.plist";
				PRODUCT_NAME = "$(TARGET_NAME)";
				TEST_HOST = "$(BUNDLE_LOADER)";
				WRAPPER_EXTENSION = octest;
			};
			name = Release;
		};
/* End XCBuildConfiguration section */

/* Begin XCConfigurationList section */
		2E62E88114F96252000E4BA0 /* Build configuration list for PBXProject "FarkleOnlineWeb" */ = {
			isa = XCConfigurationList;
			buildConfigurations = (
				2E62E8BB14F96252000E4BA0 /* Debug */,
				2E62E8BC14F96252000E4BA0 /* Release */,
			);
			defaultConfigurationIsVisible = 0;
			defaultConfigurationName = Release;
		};
		2E62E8BD14F96252000E4BA0 /* Build configuration list for PBXNativeTarget "FarkleOnlineWeb" */ = {
			isa = XCConfigurationList;
			buildConfigurations = (
				2E62E8BE14F96252000E4BA0 /* Debug */,
				2E62E8BF14F96252000E4BA0 /* Release */,
			);
			defaultConfigurationIsVisible = 0;
		};
		2E62E8C014F96252000E4BA0 /* Build configuration list for PBXNativeTarget "FarkleOnlineWebTests" */ = {
			isa = XCConfigurationList;
			buildConfigurations = (
				2E62E8C114F96252000E4BA0 /* Debug */,
				2E62E8C214F96252000E4BA0 /* Release */,
			);
			defaultConfigurationIsVisible = 0;
		};
/* End XCConfigurationList section */
	};
	rootObject = 2E62E87E14F96252000E4BA0 /* Project object */;
}
